
Microsoft Visual Studio Solution File, Format Version 12.00
# Visual Studio Version 16
VisualStudioVersion = 16.0.31624.102
MinimumVisualStudioVersion = 10.0.40219.1
Project("{9A19103F-16F7-4668-BE54-9A1E7A4F7556}") = "SpartanX", "SpartanX\SpartanX.csproj", "{F75F8492-52D3-49A8-8949-1378E8D4F28F}"
EndProject
Project("{FAE04EC0-301F-11D3-BF4B-00C04F79EFBC}") = "SpartanX.Model", "SpartanX.Model\SpartanX.Model.csproj", "{7F59F4BF-5748-4A4C-A3A6-C9510DE15D97}"
EndProject
Global
	GlobalSection(SolutionConfigurationPlatforms) = preSolution
		Debug|Any CPU = Debug|Any CPU
		Release|Any CPU = Release|Any CPU
	EndGlobalSection
	GlobalSection(ProjectConfigurationPlatforms) = postSolution
		{F75F8492-52D3-49A8-8949-1378E8D4F28F}.Debug|Any CPU.ActiveCfg = Debug|Any CPU
		{F75F8492-52D3-49A8-8949-1378E8D4F28F}.Debug|Any CPU.Build.0 = Debug|Any CPU
		{F75F8492-52D3-49A8-8949-1378E8D4F28F}.Release|Any CPU.ActiveCfg = Release|Any CPU
		{F75F8492-52D3-49A8-8949-1378E8D4F28F}.Release|Any CPU.Build.0 = Release|Any CPU
		{7F59F4BF-5748-4A4C-A3A6-C9510DE15D97}.Debug|Any CPU.ActiveCfg = Debug|Any CPU
		{7F59F4BF-5748-4A4C-A3A6-C9510DE15D97}.Debug|Any CPU.Build.0 = Debug|Any CPU
		{7F59F4BF-5748-4A4C-A3A6-C9510DE15D97}.Release|Any CPU.ActiveCfg = Release|Any CPU
		{7F59F4BF-5748-4A4C-A3A6-C9510DE15D97}.Release|Any CPU.Build.0 = Release|Any CPU
	EndGlobalSection
	GlobalSection(SolutionProperties) = preSolution
		HideSolutionNode = FALSE
	EndGlobalSection
	GlobalSection(ExtensibilityGlobals) = postSolution
		SolutionGuid = {4D5FED04-B6A0-4677-B563-CA157AF68DDF}
	EndGlobalSection
EndGlobal
