
Microsoft Visual Studio Solution File, Format Version 12.00
# Visual Studio Version 16
VisualStudioVersion = 16.0.31624.102
MinimumVisualStudioVersion = 10.0.40219.1
Project("{9A19103F-16F7-4668-BE54-9A1E7A4F7556}") = "SpartanX", "SpartanX\SpartanX.csproj", "{F75F8492-52D3-49A8-8949-1378E8D4F28F}"
EndProject
Project("{9A19103F-16F7-4668-BE54-9A1E7A4F7556}") = "SpartanX.Model", "SpartanX.Model\SpartanX.Model.csproj", "{7F59F4BF-5748-4A4C-A3A6-C9510DE15D97}"
EndProject
Project("{2150E333-8FDC-42A3-9474-1A3956D46DE8}") = "UI", "UI", "{9B7170FF-D1F0-4E87-9CC3-5BECEC55FCD0}"
EndProject
Project("{9A19103F-16F7-4668-BE54-9A1E7A4F7556}") = "SpartanX.WinUI", "SpartanX.WinUI\SpartanX.WinUI.csproj", "{E31D800B-1FDE-47A9-B719-5A306891E830}"
EndProject
Project("{2150E333-8FDC-42A3-9474-1A3956D46DE8}") = "SpartanX.Mobile", "SpartanX.Mobile", "{73DBF145-8C8D-4834-8E35-235CFDA56B92}"
EndProject
Project("{FAE04EC0-301F-11D3-BF4B-00C04F79EFBC}") = "SpartanX.MobileApp.UWP", "SpartanX.MobileApp\SpartanX.MobileApp.UWP\SpartanX.MobileApp.UWP.csproj", "{5F983A28-0802-4E00-BDF0-6FA260662607}"
EndProject
Project("{FAE04EC0-301F-11D3-BF4B-00C04F79EFBC}") = "SpartanX.MobileApp.Android", "SpartanX.MobileApp\SpartanX.MobileApp.Android\SpartanX.MobileApp.Android.csproj", "{500D4F6C-C686-43B8-9B52-C82B219F86D6}"
EndProject
Project("{FAE04EC0-301F-11D3-BF4B-00C04F79EFBC}") = "SpartanX.MobileApp.iOS", "SpartanX.MobileApp\SpartanX.MobileApp.iOS\SpartanX.MobileApp.iOS.csproj", "{AB59BC75-A718-461E-A3F7-20D23053813A}"
EndProject
Project("{9A19103F-16F7-4668-BE54-9A1E7A4F7556}") = "SpartanX.MobileApp", "SpartanX.MobileApp\SpartanX.MobileApp\SpartanX.MobileApp.csproj", "{7A7E8846-6CC6-42D3-B4F9-A748A60B4C0D}"
	ProjectSection(ProjectDependencies) = postProject
		{7F59F4BF-5748-4A4C-A3A6-C9510DE15D97} = {7F59F4BF-5748-4A4C-A3A6-C9510DE15D97}
	EndProjectSection
EndProject
Project("{FAE04EC0-301F-11D3-BF4B-00C04F79EFBC}") = "ModelSpartanX", "ModelSpartanX\ModelSpartanX.csproj", "{99316182-4A49-419A-9948-CBE21EF492E1}"
EndProject
Global
	GlobalSection(SolutionConfigurationPlatforms) = preSolution
		Debug|Any CPU = Debug|Any CPU
		Debug|ARM = Debug|ARM
		Debug|iPhone = Debug|iPhone
		Debug|iPhoneSimulator = Debug|iPhoneSimulator
		Debug|x64 = Debug|x64
		Debug|x86 = Debug|x86
		Release|Any CPU = Release|Any CPU
		Release|ARM = Release|ARM
		Release|iPhone = Release|iPhone
		Release|iPhoneSimulator = Release|iPhoneSimulator
		Release|x64 = Release|x64
		Release|x86 = Release|x86
	EndGlobalSection
	GlobalSection(ProjectConfigurationPlatforms) = postSolution
		{F75F8492-52D3-49A8-8949-1378E8D4F28F}.Debug|Any CPU.ActiveCfg = Debug|Any CPU
		{F75F8492-52D3-49A8-8949-1378E8D4F28F}.Debug|Any CPU.Build.0 = Debug|Any CPU
		{F75F8492-52D3-49A8-8949-1378E8D4F28F}.Debug|ARM.ActiveCfg = Debug|Any CPU
		{F75F8492-52D3-49A8-8949-1378E8D4F28F}.Debug|ARM.Build.0 = Debug|Any CPU
		{F75F8492-52D3-49A8-8949-1378E8D4F28F}.Debug|iPhone.ActiveCfg = Debug|Any CPU
		{F75F8492-52D3-49A8-8949-1378E8D4F28F}.Debug|iPhone.Build.0 = Debug|Any CPU
		{F75F8492-52D3-49A8-8949-1378E8D4F28F}.Debug|iPhoneSimulator.ActiveCfg = Debug|Any CPU
		{F75F8492-52D3-49A8-8949-1378E8D4F28F}.Debug|iPhoneSimulator.Build.0 = Debug|Any CPU
		{F75F8492-52D3-49A8-8949-1378E8D4F28F}.Debug|x64.ActiveCfg = Debug|Any CPU
		{F75F8492-52D3-49A8-8949-1378E8D4F28F}.Debug|x64.Build.0 = Debug|Any CPU
		{F75F8492-52D3-49A8-8949-1378E8D4F28F}.Debug|x86.ActiveCfg = Debug|Any CPU
		{F75F8492-52D3-49A8-8949-1378E8D4F28F}.Debug|x86.Build.0 = Debug|Any CPU
		{F75F8492-52D3-49A8-8949-1378E8D4F28F}.Release|Any CPU.ActiveCfg = Release|Any CPU
		{F75F8492-52D3-49A8-8949-1378E8D4F28F}.Release|Any CPU.Build.0 = Release|Any CPU
		{F75F8492-52D3-49A8-8949-1378E8D4F28F}.Release|ARM.ActiveCfg = Release|Any CPU
		{F75F8492-52D3-49A8-8949-1378E8D4F28F}.Release|ARM.Build.0 = Release|Any CPU
		{F75F8492-52D3-49A8-8949-1378E8D4F28F}.Release|iPhone.ActiveCfg = Release|Any CPU
		{F75F8492-52D3-49A8-8949-1378E8D4F28F}.Release|iPhone.Build.0 = Release|Any CPU
		{F75F8492-52D3-49A8-8949-1378E8D4F28F}.Release|iPhoneSimulator.ActiveCfg = Release|Any CPU
		{F75F8492-52D3-49A8-8949-1378E8D4F28F}.Release|iPhoneSimulator.Build.0 = Release|Any CPU
		{F75F8492-52D3-49A8-8949-1378E8D4F28F}.Release|x64.ActiveCfg = Release|Any CPU
		{F75F8492-52D3-49A8-8949-1378E8D4F28F}.Release|x64.Build.0 = Release|Any CPU
		{F75F8492-52D3-49A8-8949-1378E8D4F28F}.Release|x86.ActiveCfg = Release|Any CPU
		{F75F8492-52D3-49A8-8949-1378E8D4F28F}.Release|x86.Build.0 = Release|Any CPU
		{7F59F4BF-5748-4A4C-A3A6-C9510DE15D97}.Debug|Any CPU.ActiveCfg = Debug|Any CPU
		{7F59F4BF-5748-4A4C-A3A6-C9510DE15D97}.Debug|Any CPU.Build.0 = Debug|Any CPU
		{7F59F4BF-5748-4A4C-A3A6-C9510DE15D97}.Debug|ARM.ActiveCfg = Debug|Any CPU
		{7F59F4BF-5748-4A4C-A3A6-C9510DE15D97}.Debug|ARM.Build.0 = Debug|Any CPU
		{7F59F4BF-5748-4A4C-A3A6-C9510DE15D97}.Debug|iPhone.ActiveCfg = Debug|Any CPU
		{7F59F4BF-5748-4A4C-A3A6-C9510DE15D97}.Debug|iPhone.Build.0 = Debug|Any CPU
		{7F59F4BF-5748-4A4C-A3A6-C9510DE15D97}.Debug|iPhoneSimulator.ActiveCfg = Debug|Any CPU
		{7F59F4BF-5748-4A4C-A3A6-C9510DE15D97}.Debug|iPhoneSimulator.Build.0 = Debug|Any CPU
		{7F59F4BF-5748-4A4C-A3A6-C9510DE15D97}.Debug|x64.ActiveCfg = Debug|Any CPU
		{7F59F4BF-5748-4A4C-A3A6-C9510DE15D97}.Debug|x64.Build.0 = Debug|Any CPU
		{7F59F4BF-5748-4A4C-A3A6-C9510DE15D97}.Debug|x86.ActiveCfg = Debug|Any CPU
		{7F59F4BF-5748-4A4C-A3A6-C9510DE15D97}.Debug|x86.Build.0 = Debug|Any CPU
		{7F59F4BF-5748-4A4C-A3A6-C9510DE15D97}.Release|Any CPU.ActiveCfg = Release|Any CPU
		{7F59F4BF-5748-4A4C-A3A6-C9510DE15D97}.Release|Any CPU.Build.0 = Release|Any CPU
		{7F59F4BF-5748-4A4C-A3A6-C9510DE15D97}.Release|ARM.ActiveCfg = Release|Any CPU
		{7F59F4BF-5748-4A4C-A3A6-C9510DE15D97}.Release|ARM.Build.0 = Release|Any CPU
		{7F59F4BF-5748-4A4C-A3A6-C9510DE15D97}.Release|iPhone.ActiveCfg = Release|Any CPU
		{7F59F4BF-5748-4A4C-A3A6-C9510DE15D97}.Release|iPhone.Build.0 = Release|Any CPU
		{7F59F4BF-5748-4A4C-A3A6-C9510DE15D97}.Release|iPhoneSimulator.ActiveCfg = Release|Any CPU
		{7F59F4BF-5748-4A4C-A3A6-C9510DE15D97}.Release|iPhoneSimulator.Build.0 = Release|Any CPU
		{7F59F4BF-5748-4A4C-A3A6-C9510DE15D97}.Release|x64.ActiveCfg = Release|Any CPU
		{7F59F4BF-5748-4A4C-A3A6-C9510DE15D97}.Release|x64.Build.0 = Release|Any CPU
		{7F59F4BF-5748-4A4C-A3A6-C9510DE15D97}.Release|x86.ActiveCfg = Release|Any CPU
		{7F59F4BF-5748-4A4C-A3A6-C9510DE15D97}.Release|x86.Build.0 = Release|Any CPU
		{E31D800B-1FDE-47A9-B719-5A306891E830}.Debug|Any CPU.ActiveCfg = Debug|Any CPU
		{E31D800B-1FDE-47A9-B719-5A306891E830}.Debug|Any CPU.Build.0 = Debug|Any CPU
		{E31D800B-1FDE-47A9-B719-5A306891E830}.Debug|ARM.ActiveCfg = Debug|Any CPU
		{E31D800B-1FDE-47A9-B719-5A306891E830}.Debug|ARM.Build.0 = Debug|Any CPU
		{E31D800B-1FDE-47A9-B719-5A306891E830}.Debug|iPhone.ActiveCfg = Debug|Any CPU
		{E31D800B-1FDE-47A9-B719-5A306891E830}.Debug|iPhone.Build.0 = Debug|Any CPU
		{E31D800B-1FDE-47A9-B719-5A306891E830}.Debug|iPhoneSimulator.ActiveCfg = Debug|Any CPU
		{E31D800B-1FDE-47A9-B719-5A306891E830}.Debug|iPhoneSimulator.Build.0 = Debug|Any CPU
		{E31D800B-1FDE-47A9-B719-5A306891E830}.Debug|x64.ActiveCfg = Debug|Any CPU
		{E31D800B-1FDE-47A9-B719-5A306891E830}.Debug|x64.Build.0 = Debug|Any CPU
		{E31D800B-1FDE-47A9-B719-5A306891E830}.Debug|x86.ActiveCfg = Debug|Any CPU
		{E31D800B-1FDE-47A9-B719-5A306891E830}.Debug|x86.Build.0 = Debug|Any CPU
		{E31D800B-1FDE-47A9-B719-5A306891E830}.Release|Any CPU.ActiveCfg = Release|Any CPU
		{E31D800B-1FDE-47A9-B719-5A306891E830}.Release|Any CPU.Build.0 = Release|Any CPU
		{E31D800B-1FDE-47A9-B719-5A306891E830}.Release|ARM.ActiveCfg = Release|Any CPU
		{E31D800B-1FDE-47A9-B719-5A306891E830}.Release|ARM.Build.0 = Release|Any CPU
		{E31D800B-1FDE-47A9-B719-5A306891E830}.Release|iPhone.ActiveCfg = Release|Any CPU
		{E31D800B-1FDE-47A9-B719-5A306891E830}.Release|iPhone.Build.0 = Release|Any CPU
		{E31D800B-1FDE-47A9-B719-5A306891E830}.Release|iPhoneSimulator.ActiveCfg = Release|Any CPU
		{E31D800B-1FDE-47A9-B719-5A306891E830}.Release|iPhoneSimulator.Build.0 = Release|Any CPU
		{E31D800B-1FDE-47A9-B719-5A306891E830}.Release|x64.ActiveCfg = Release|Any CPU
		{E31D800B-1FDE-47A9-B719-5A306891E830}.Release|x64.Build.0 = Release|Any CPU
		{E31D800B-1FDE-47A9-B719-5A306891E830}.Release|x86.ActiveCfg = Release|Any CPU
		{E31D800B-1FDE-47A9-B719-5A306891E830}.Release|x86.Build.0 = Release|Any CPU
		{5F983A28-0802-4E00-BDF0-6FA260662607}.Debug|Any CPU.ActiveCfg = Debug|x86
		{5F983A28-0802-4E00-BDF0-6FA260662607}.Debug|Any CPU.Build.0 = Debug|x86
		{5F983A28-0802-4E00-BDF0-6FA260662607}.Debug|Any CPU.Deploy.0 = Debug|x86
		{5F983A28-0802-4E00-BDF0-6FA260662607}.Debug|ARM.ActiveCfg = Debug|ARM
		{5F983A28-0802-4E00-BDF0-6FA260662607}.Debug|ARM.Build.0 = Debug|ARM
		{5F983A28-0802-4E00-BDF0-6FA260662607}.Debug|ARM.Deploy.0 = Debug|ARM
		{5F983A28-0802-4E00-BDF0-6FA260662607}.Debug|iPhone.ActiveCfg = Debug|x86
		{5F983A28-0802-4E00-BDF0-6FA260662607}.Debug|iPhoneSimulator.ActiveCfg = Debug|x86
		{5F983A28-0802-4E00-BDF0-6FA260662607}.Debug|x64.ActiveCfg = Debug|x64
		{5F983A28-0802-4E00-BDF0-6FA260662607}.Debug|x64.Build.0 = Debug|x64
		{5F983A28-0802-4E00-BDF0-6FA260662607}.Debug|x64.Deploy.0 = Debug|x64
		{5F983A28-0802-4E00-BDF0-6FA260662607}.Debug|x86.ActiveCfg = Debug|x86
		{5F983A28-0802-4E00-BDF0-6FA260662607}.Debug|x86.Build.0 = Debug|x86
		{5F983A28-0802-4E00-BDF0-6FA260662607}.Debug|x86.Deploy.0 = Debug|x86
		{5F983A28-0802-4E00-BDF0-6FA260662607}.Release|Any CPU.ActiveCfg = Release|x86
		{5F983A28-0802-4E00-BDF0-6FA260662607}.Release|ARM.ActiveCfg = Release|ARM
		{5F983A28-0802-4E00-BDF0-6FA260662607}.Release|ARM.Build.0 = Release|ARM
		{5F983A28-0802-4E00-BDF0-6FA260662607}.Release|ARM.Deploy.0 = Release|ARM
		{5F983A28-0802-4E00-BDF0-6FA260662607}.Release|iPhone.ActiveCfg = Release|x86
		{5F983A28-0802-4E00-BDF0-6FA260662607}.Release|iPhoneSimulator.ActiveCfg = Release|x86
		{5F983A28-0802-4E00-BDF0-6FA260662607}.Release|x64.ActiveCfg = Release|x64
		{5F983A28-0802-4E00-BDF0-6FA260662607}.Release|x64.Build.0 = Release|x64
		{5F983A28-0802-4E00-BDF0-6FA260662607}.Release|x64.Deploy.0 = Release|x64
		{5F983A28-0802-4E00-BDF0-6FA260662607}.Release|x86.ActiveCfg = Release|x86
		{5F983A28-0802-4E00-BDF0-6FA260662607}.Release|x86.Build.0 = Release|x86
		{5F983A28-0802-4E00-BDF0-6FA260662607}.Release|x86.Deploy.0 = Release|x86
		{500D4F6C-C686-43B8-9B52-C82B219F86D6}.Debug|Any CPU.ActiveCfg = Debug|Any CPU
		{500D4F6C-C686-43B8-9B52-C82B219F86D6}.Debug|Any CPU.Build.0 = Debug|Any CPU
		{500D4F6C-C686-43B8-9B52-C82B219F86D6}.Debug|Any CPU.Deploy.0 = Debug|Any CPU
		{500D4F6C-C686-43B8-9B52-C82B219F86D6}.Debug|ARM.ActiveCfg = Debug|Any CPU
		{500D4F6C-C686-43B8-9B52-C82B219F86D6}.Debug|ARM.Build.0 = Debug|Any CPU
		{500D4F6C-C686-43B8-9B52-C82B219F86D6}.Debug|ARM.Deploy.0 = Debug|Any CPU
		{500D4F6C-C686-43B8-9B52-C82B219F86D6}.Debug|iPhone.ActiveCfg = Debug|Any CPU
		{500D4F6C-C686-43B8-9B52-C82B219F86D6}.Debug|iPhone.Build.0 = Debug|Any CPU
		{500D4F6C-C686-43B8-9B52-C82B219F86D6}.Debug|iPhone.Deploy.0 = Debug|Any CPU
		{500D4F6C-C686-43B8-9B52-C82B219F86D6}.Debug|iPhoneSimulator.ActiveCfg = Debug|Any CPU
		{500D4F6C-C686-43B8-9B52-C82B219F86D6}.Debug|iPhoneSimulator.Build.0 = Debug|Any CPU
		{500D4F6C-C686-43B8-9B52-C82B219F86D6}.Debug|iPhoneSimulator.Deploy.0 = Debug|Any CPU
		{500D4F6C-C686-43B8-9B52-C82B219F86D6}.Debug|x64.ActiveCfg = Debug|Any CPU
		{500D4F6C-C686-43B8-9B52-C82B219F86D6}.Debug|x64.Build.0 = Debug|Any CPU
		{500D4F6C-C686-43B8-9B52-C82B219F86D6}.Debug|x64.Deploy.0 = Debug|Any CPU
		{500D4F6C-C686-43B8-9B52-C82B219F86D6}.Debug|x86.ActiveCfg = Debug|Any CPU
		{500D4F6C-C686-43B8-9B52-C82B219F86D6}.Debug|x86.Build.0 = Debug|Any CPU
		{500D4F6C-C686-43B8-9B52-C82B219F86D6}.Debug|x86.Deploy.0 = Debug|Any CPU
		{500D4F6C-C686-43B8-9B52-C82B219F86D6}.Release|Any CPU.ActiveCfg = Release|Any CPU
		{500D4F6C-C686-43B8-9B52-C82B219F86D6}.Release|Any CPU.Build.0 = Release|Any CPU
		{500D4F6C-C686-43B8-9B52-C82B219F86D6}.Release|Any CPU.Deploy.0 = Release|Any CPU
		{500D4F6C-C686-43B8-9B52-C82B219F86D6}.Release|ARM.ActiveCfg = Release|Any CPU
		{500D4F6C-C686-43B8-9B52-C82B219F86D6}.Release|ARM.Build.0 = Release|Any CPU
		{500D4F6C-C686-43B8-9B52-C82B219F86D6}.Release|ARM.Deploy.0 = Release|Any CPU
		{500D4F6C-C686-43B8-9B52-C82B219F86D6}.Release|iPhone.ActiveCfg = Release|Any CPU
		{500D4F6C-C686-43B8-9B52-C82B219F86D6}.Release|iPhone.Build.0 = Release|Any CPU
		{500D4F6C-C686-43B8-9B52-C82B219F86D6}.Release|iPhone.Deploy.0 = Release|Any CPU
		{500D4F6C-C686-43B8-9B52-C82B219F86D6}.Release|iPhoneSimulator.ActiveCfg = Release|Any CPU
		{500D4F6C-C686-43B8-9B52-C82B219F86D6}.Release|iPhoneSimulator.Build.0 = Release|Any CPU
		{500D4F6C-C686-43B8-9B52-C82B219F86D6}.Release|iPhoneSimulator.Deploy.0 = Release|Any CPU
		{500D4F6C-C686-43B8-9B52-C82B219F86D6}.Release|x64.ActiveCfg = Release|Any CPU
		{500D4F6C-C686-43B8-9B52-C82B219F86D6}.Release|x64.Build.0 = Release|Any CPU
		{500D4F6C-C686-43B8-9B52-C82B219F86D6}.Release|x64.Deploy.0 = Release|Any CPU
		{500D4F6C-C686-43B8-9B52-C82B219F86D6}.Release|x86.ActiveCfg = Release|Any CPU
		{500D4F6C-C686-43B8-9B52-C82B219F86D6}.Release|x86.Build.0 = Release|Any CPU
		{500D4F6C-C686-43B8-9B52-C82B219F86D6}.Release|x86.Deploy.0 = Release|Any CPU
		{AB59BC75-A718-461E-A3F7-20D23053813A}.Debug|Any CPU.ActiveCfg = Debug|iPhoneSimulator
		{AB59BC75-A718-461E-A3F7-20D23053813A}.Debug|ARM.ActiveCfg = Debug|iPhoneSimulator
		{AB59BC75-A718-461E-A3F7-20D23053813A}.Debug|iPhone.ActiveCfg = Debug|iPhone
		{AB59BC75-A718-461E-A3F7-20D23053813A}.Debug|iPhone.Build.0 = Debug|iPhone
		{AB59BC75-A718-461E-A3F7-20D23053813A}.Debug|iPhoneSimulator.ActiveCfg = Debug|iPhoneSimulator
		{AB59BC75-A718-461E-A3F7-20D23053813A}.Debug|iPhoneSimulator.Build.0 = Debug|iPhoneSimulator
		{AB59BC75-A718-461E-A3F7-20D23053813A}.Debug|x64.ActiveCfg = Debug|iPhoneSimulator
		{AB59BC75-A718-461E-A3F7-20D23053813A}.Debug|x86.ActiveCfg = Debug|iPhoneSimulator
		{AB59BC75-A718-461E-A3F7-20D23053813A}.Release|Any CPU.ActiveCfg = Release|iPhoneSimulator
		{AB59BC75-A718-461E-A3F7-20D23053813A}.Release|ARM.ActiveCfg = Release|iPhoneSimulator
		{AB59BC75-A718-461E-A3F7-20D23053813A}.Release|iPhone.ActiveCfg = Release|iPhone
		{AB59BC75-A718-461E-A3F7-20D23053813A}.Release|iPhone.Build.0 = Release|iPhone
		{AB59BC75-A718-461E-A3F7-20D23053813A}.Release|iPhoneSimulator.ActiveCfg = Release|iPhoneSimulator
		{AB59BC75-A718-461E-A3F7-20D23053813A}.Release|iPhoneSimulator.Build.0 = Release|iPhoneSimulator
		{AB59BC75-A718-461E-A3F7-20D23053813A}.Release|x64.ActiveCfg = Release|iPhoneSimulator
		{AB59BC75-A718-461E-A3F7-20D23053813A}.Release|x86.ActiveCfg = Release|iPhoneSimulator
		{7A7E8846-6CC6-42D3-B4F9-A748A60B4C0D}.Debug|Any CPU.ActiveCfg = Debug|Any CPU
		{7A7E8846-6CC6-42D3-B4F9-A748A60B4C0D}.Debug|Any CPU.Build.0 = Debug|Any CPU
		{7A7E8846-6CC6-42D3-B4F9-A748A60B4C0D}.Debug|ARM.ActiveCfg = Debug|Any CPU
		{7A7E8846-6CC6-42D3-B4F9-A748A60B4C0D}.Debug|ARM.Build.0 = Debug|Any CPU
		{7A7E8846-6CC6-42D3-B4F9-A748A60B4C0D}.Debug|iPhone.ActiveCfg = Debug|Any CPU
		{7A7E8846-6CC6-42D3-B4F9-A748A60B4C0D}.Debug|iPhone.Build.0 = Debug|Any CPU
		{7A7E8846-6CC6-42D3-B4F9-A748A60B4C0D}.Debug|iPhoneSimulator.ActiveCfg = Debug|Any CPU
		{7A7E8846-6CC6-42D3-B4F9-A748A60B4C0D}.Debug|iPhoneSimulator.Build.0 = Debug|Any CPU
		{7A7E8846-6CC6-42D3-B4F9-A748A60B4C0D}.Debug|x64.ActiveCfg = Debug|Any CPU
		{7A7E8846-6CC6-42D3-B4F9-A748A60B4C0D}.Debug|x64.Build.0 = Debug|Any CPU
		{7A7E8846-6CC6-42D3-B4F9-A748A60B4C0D}.Debug|x86.ActiveCfg = Debug|Any CPU
		{7A7E8846-6CC6-42D3-B4F9-A748A60B4C0D}.Debug|x86.Build.0 = Debug|Any CPU
		{7A7E8846-6CC6-42D3-B4F9-A748A60B4C0D}.Release|Any CPU.ActiveCfg = Release|Any CPU
		{7A7E8846-6CC6-42D3-B4F9-A748A60B4C0D}.Release|Any CPU.Build.0 = Release|Any CPU
		{7A7E8846-6CC6-42D3-B4F9-A748A60B4C0D}.Release|ARM.ActiveCfg = Release|Any CPU
		{7A7E8846-6CC6-42D3-B4F9-A748A60B4C0D}.Release|ARM.Build.0 = Release|Any CPU
		{7A7E8846-6CC6-42D3-B4F9-A748A60B4C0D}.Release|iPhone.ActiveCfg = Release|Any CPU
		{7A7E8846-6CC6-42D3-B4F9-A748A60B4C0D}.Release|iPhone.Build.0 = Release|Any CPU
		{7A7E8846-6CC6-42D3-B4F9-A748A60B4C0D}.Release|iPhoneSimulator.ActiveCfg = Release|Any CPU
		{7A7E8846-6CC6-42D3-B4F9-A748A60B4C0D}.Release|iPhoneSimulator.Build.0 = Release|Any CPU
		{7A7E8846-6CC6-42D3-B4F9-A748A60B4C0D}.Release|x64.ActiveCfg = Release|Any CPU
		{7A7E8846-6CC6-42D3-B4F9-A748A60B4C0D}.Release|x64.Build.0 = Release|Any CPU
		{7A7E8846-6CC6-42D3-B4F9-A748A60B4C0D}.Release|x86.ActiveCfg = Release|Any CPU
		{7A7E8846-6CC6-42D3-B4F9-A748A60B4C0D}.Release|x86.Build.0 = Release|Any CPU
		{99316182-4A49-419A-9948-CBE21EF492E1}.Debug|Any CPU.ActiveCfg = Debug|Any CPU
		{99316182-4A49-419A-9948-CBE21EF492E1}.Debug|Any CPU.Build.0 = Debug|Any CPU
		{99316182-4A49-419A-9948-CBE21EF492E1}.Debug|ARM.ActiveCfg = Debug|Any CPU
		{99316182-4A49-419A-9948-CBE21EF492E1}.Debug|ARM.Build.0 = Debug|Any CPU
		{99316182-4A49-419A-9948-CBE21EF492E1}.Debug|iPhone.ActiveCfg = Debug|Any CPU
		{99316182-4A49-419A-9948-CBE21EF492E1}.Debug|iPhone.Build.0 = Debug|Any CPU
		{99316182-4A49-419A-9948-CBE21EF492E1}.Debug|iPhoneSimulator.ActiveCfg = Debug|Any CPU
		{99316182-4A49-419A-9948-CBE21EF492E1}.Debug|iPhoneSimulator.Build.0 = Debug|Any CPU
		{99316182-4A49-419A-9948-CBE21EF492E1}.Debug|x64.ActiveCfg = Debug|Any CPU
		{99316182-4A49-419A-9948-CBE21EF492E1}.Debug|x64.Build.0 = Debug|Any CPU
		{99316182-4A49-419A-9948-CBE21EF492E1}.Debug|x86.ActiveCfg = Debug|Any CPU
		{99316182-4A49-419A-9948-CBE21EF492E1}.Debug|x86.Build.0 = Debug|Any CPU
		{99316182-4A49-419A-9948-CBE21EF492E1}.Release|Any CPU.ActiveCfg = Release|Any CPU
		{99316182-4A49-419A-9948-CBE21EF492E1}.Release|Any CPU.Build.0 = Release|Any CPU
		{99316182-4A49-419A-9948-CBE21EF492E1}.Release|ARM.ActiveCfg = Release|Any CPU
		{99316182-4A49-419A-9948-CBE21EF492E1}.Release|ARM.Build.0 = Release|Any CPU
		{99316182-4A49-419A-9948-CBE21EF492E1}.Release|iPhone.ActiveCfg = Release|Any CPU
		{99316182-4A49-419A-9948-CBE21EF492E1}.Release|iPhone.Build.0 = Release|Any CPU
		{99316182-4A49-419A-9948-CBE21EF492E1}.Release|iPhoneSimulator.ActiveCfg = Release|Any CPU
		{99316182-4A49-419A-9948-CBE21EF492E1}.Release|iPhoneSimulator.Build.0 = Release|Any CPU
		{99316182-4A49-419A-9948-CBE21EF492E1}.Release|x64.ActiveCfg = Release|Any CPU
		{99316182-4A49-419A-9948-CBE21EF492E1}.Release|x64.Build.0 = Release|Any CPU
		{99316182-4A49-419A-9948-CBE21EF492E1}.Release|x86.ActiveCfg = Release|Any CPU
		{99316182-4A49-419A-9948-CBE21EF492E1}.Release|x86.Build.0 = Release|Any CPU
	EndGlobalSection
	GlobalSection(SolutionProperties) = preSolution
		HideSolutionNode = FALSE
	EndGlobalSection
	GlobalSection(NestedProjects) = preSolution
		{E31D800B-1FDE-47A9-B719-5A306891E830} = {9B7170FF-D1F0-4E87-9CC3-5BECEC55FCD0}
		{5F983A28-0802-4E00-BDF0-6FA260662607} = {73DBF145-8C8D-4834-8E35-235CFDA56B92}
		{500D4F6C-C686-43B8-9B52-C82B219F86D6} = {73DBF145-8C8D-4834-8E35-235CFDA56B92}
		{AB59BC75-A718-461E-A3F7-20D23053813A} = {73DBF145-8C8D-4834-8E35-235CFDA56B92}
		{7A7E8846-6CC6-42D3-B4F9-A748A60B4C0D} = {73DBF145-8C8D-4834-8E35-235CFDA56B92}
	EndGlobalSection
	GlobalSection(ExtensibilityGlobals) = postSolution
		SolutionGuid = {4D5FED04-B6A0-4677-B563-CA157AF68DDF}
	EndGlobalSection
EndGlobal
